{
  "name": "jakubstastny",
  "version": "1.0.0",
  "lockfileVersion": 3,
  "requires": true,
  "packages": {
    "": {
      "name": "jakubstastny",
      "version": "1.0.0",
      "license": "ISC",
      "dependencies": {
        "cherry-cljs": "^0.2.19"
      }
    },
    "node_modules/cherry-cljs": {
      "version": "0.2.19",
      "resolved": "https://registry.npmjs.org/cherry-cljs/-/cherry-cljs-0.2.19.tgz",
      "integrity": "sha512-2mmGRuuj5nt0FIrIvDtB+Xe/3d+2qvN/DKxyp61LlFlAVGd4Nx6ragQSJAQAHcvipV/TG91plexoXwt/czye8Q==",
      "funding": [
        {
          "type": "github",
          "url": "https://github.com/sponsors/borkdude"
        }
      ],
      "bin": {
        "cherry": "node_cli.js"
      }
    }
  }
}
